version: 2.0
shards:
  alea:
    git: https://github.com/nin93/alea.git
    version: 0.3.0+git.commit.f949fbbf0a10aff2a1e7ec5331de72bc81280cb8

  num:
    git: https://github.com/crystal-data/num.cr.git
    version: 1.0.0

  opencl:
    git: https://github.com/crystal-data/opencl.cr.git
    version: 0.2.1+git.commit.aaa47f52c6ee33a7dc7b7f05189faf7646d9758d

